// !$*UTF8*$!
{
	archiveVersion = 1;
	classes = {
	};
	objectVersion = 56;
	objects = {

/* Begin PBXBuildFile section */
		1B0000000000000000000001 /* NavSenderApp.swift in Sources */ = {isa = PBXBuildFile; fileRef = 1A0000000000000000000001 /* NavSenderApp.swift */; };
		1B0000000000000000000002 /* ContentView.swift in Sources */ = {isa = PBXBuildFile; fileRef = 1A0000000000000000000002 /* ContentView.swift */; };
		1B0000000000000000000003 /* BLEManager.swift in Sources */ = {isa = PBXBuildFile; fileRef = 1A0000000000000000000003 /* BLEManager.swift */; };
		1B0000000000000000000004 /* RouteManager.swift in Sources */ = {isa = PBXBuildFile; fileRef = 1A0000000000000000000004 /* RouteManager.swift */; };
		1B0000000000000000000005 /* LocationTracker.swift in Sources */ = {isa = PBXBuildFile; fileRef = 1A0000000000000000000005 /* LocationTracker.swift */; };
		1B0000000000000000000006 /* NavigationSessionView.swift in Sources */ = {isa = PBXBuildFile; fileRef = 1A0000000000000000000006 /* NavigationSessionView.swift */; };
		1B0000000000000000000007 /* ManualTestSection.swift in Sources */ = {isa = PBXBuildFile; fileRef = 1A0000000000000000000007 /* ManualTestSection.swift */; };
		1B0000000000000000000008 /* Models.swift in Sources */ = {isa = PBXBuildFile; fileRef = 1A0000000000000000000009 /* Models.swift */; };
		1B0000000000000000000009 /* APClient.swift in Sources */ = {isa = PBXBuildFile; fileRef = 1A000000000000000000000A /* APClient.swift */; };
		1B000000000000000000000A /* LiveStore.swift in Sources */ = {isa = PBXBuildFile; fileRef = 1A000000000000000000000B /* LiveStore.swift */; };
		1B000000000000000000000B /* SessionParser.swift in Sources */ = {isa = PBXBuildFile; fileRef = 1A000000000000000000000C /* SessionParser.swift */; };
		1B000000000000000000000C /* HomeView.swift in Sources */ = {isa = PBXBuildFile; fileRef = 1A000000000000000000000D /* HomeView.swift */; };
		1B000000000000000000000D /* LiveView.swift in Sources */ = {isa = PBXBuildFile; fileRef = 1A000000000000000000000E /* LiveView.swift */; };
		1B000000000000000000000E /* SessionsView.swift in Sources */ = {isa = PBXBuildFile; fileRef = 1A000000000000000000000F /* SessionsView.swift */; };
		1B000000000000000000000F /* SessionDetailView.swift in Sources */ = {isa = PBXBuildFile; fileRef = 1A0000000000000000000010 /* SessionDetailView.swift */; };
		1B0000000000000000000010 /* SettingsView.swift in Sources */ = {isa = PBXBuildFile; fileRef = 1A0000000000000000000011 /* SettingsView.swift */; };
		1B0000000000000000000011 /* NavigationRootView.swift in Sources */ = {isa = PBXBuildFile; fileRef = 1A0000000000000000000012 /* NavigationRootView.swift */; };
		1B0000000000000000000012 /* NavigationPanelView.swift in Sources */ = {isa = PBXBuildFile; fileRef = 1A0000000000000000000014 /* NavigationPanelView.swift */; };
/* End PBXBuildFile section */

/* Begin PBXFileReference section */
		1A0000000000000000000001 /* NavSenderApp.swift */ = {isa = PBXFileReference; lastKnownFileType = sourcecode.swift; path = NavSenderApp.swift; sourceTree = "<group>"; };
		1A0000000000000000000002 /* ContentView.swift */ = {isa = PBXFileReference; lastKnownFileType = sourcecode.swift; path = ContentView.swift; sourceTree = "<group>"; };
		1A0000000000000000000003 /* BLEManager.swift */ = {isa = PBXFileReference; lastKnownFileType = sourcecode.swift; path = BLEManager.swift; sourceTree = "<group>"; };
		1A0000000000000000000004 /* RouteManager.swift */ = {isa = PBXFileReference; lastKnownFileType = sourcecode.swift; path = RouteManager.swift; sourceTree = "<group>"; };
		1A0000000000000000000005 /* LocationTracker.swift */ = {isa = PBXFileReference; lastKnownFileType = sourcecode.swift; path = LocationTracker.swift; sourceTree = "<group>"; };
		1A0000000000000000000006 /* NavigationSessionView.swift */ = {isa = PBXFileReference; lastKnownFileType = sourcecode.swift; path = NavigationSessionView.swift; sourceTree = "<group>"; };
		1A0000000000000000000007 /* ManualTestSection.swift */ = {isa = PBXFileReference; lastKnownFileType = sourcecode.swift; path = ManualTestSection.swift; sourceTree = "<group>"; };
		1A0000000000000000000008 /* NavSender.app */ = {isa = PBXFileReference; explicitFileType = wrapper.application; includeInIndex = 0; path = NavSender.app; sourceTree = BUILT_PRODUCTS_DIR; };
		1A0000000000000000000009 /* Models.swift */ = {isa = PBXFileReference; lastKnownFileType = sourcecode.swift; path = Models.swift; sourceTree = "<group>"; };
		1A000000000000000000000A /* APClient.swift */ = {isa = PBXFileReference; lastKnownFileType = sourcecode.swift; path = APClient.swift; sourceTree = "<group>"; };
		1A000000000000000000000B /* LiveStore.swift */ = {isa = PBXFileReference; lastKnownFileType = sourcecode.swift; path = LiveStore.swift; sourceTree = "<group>"; };
		1A000000000000000000000C /* SessionParser.swift */ = {isa = PBXFileReference; lastKnownFileType = sourcecode.swift; path = SessionParser.swift; sourceTree = "<group>"; };
		1A000000000000000000000D /* HomeView.swift */ = {isa = PBXFileReference; lastKnownFileType = sourcecode.swift; path = HomeView.swift; sourceTree = "<group>"; };
		1A000000000000000000000E /* LiveView.swift */ = {isa = PBXFileReference; lastKnownFileType = sourcecode.swift; path = LiveView.swift; sourceTree = "<group>"; };
		1A000000000000000000000F /* SessionsView.swift */ = {isa = PBXFileReference; lastKnownFileType = sourcecode.swift; path = SessionsView.swift; sourceTree = "<group>"; };
		1A0000000000000000000010 /* SessionDetailView.swift */ = {isa = PBXFileReference; lastKnownFileType = sourcecode.swift; path = SessionDetailView.swift; sourceTree = "<group>"; };
		1A0000000000000000000011 /* SettingsView.swift */ = {isa = PBXFileReference; lastKnownFileType = sourcecode.swift; path = SettingsView.swift; sourceTree = "<group>"; };
		1A0000000000000000000012 /* NavigationRootView.swift */ = {isa = PBXFileReference; lastKnownFileType = sourcecode.swift; path = NavigationRootView.swift; sourceTree = "<group>"; };
		1A0000000000000000000013 /* Info.plist */ = {isa = PBXFileReference; lastKnownFileType = text.plist.xml; path = Info.plist; sourceTree = "<group>"; };
		1A0000000000000000000014 /* NavigationPanelView.swift */ = {isa = PBXFileReference; lastKnownFileType = sourcecode.swift; path = NavigationPanelView.swift; sourceTree = "<group>"; };
/* End PBXFileReference section */

/* Begin PBXFrameworksBuildPhase section */
		1D0000000000000000000002 /* Frameworks */ = {
			isa = PBXFrameworksBuildPhase;
			buildActionMask = 2147483647;
			files = (
			);
			runOnlyForDeploymentPostprocessing = 0;
		};
/* End PBXFrameworksBuildPhase section */

/* Begin PBXGroup section */
		1C0000000000000000000001 = {
			isa = PBXGroup;
			children = (
				1C0000000000000000000002 /* NavSender */,
				1C0000000000000000000003 /* Products */,
			);
			sourceTree = "<group>";
		};
		1C0000000000000000000002 /* NavSender */ = {
			isa = PBXGroup;
			children = (
				1A0000000000000000000001 /* NavSenderApp.swift */,
				1A0000000000000000000002 /* ContentView.swift */,
				1A0000000000000000000003 /* BLEManager.swift */,
				1A0000000000000000000004 /* RouteManager.swift */,
				1A0000000000000000000005 /* LocationTracker.swift */,
				1A0000000000000000000006 /* NavigationSessionView.swift */,
				1A0000000000000000000007 /* ManualTestSection.swift */,
				1A0000000000000000000009 /* Models.swift */,
				1A000000000000000000000A /* APClient.swift */,
				1A000000000000000000000B /* LiveStore.swift */,
				1A000000000000000000000C /* SessionParser.swift */,
				1A000000000000000000000D /* HomeView.swift */,
				1A000000000000000000000E /* LiveView.swift */,
				1A000000000000000000000F /* SessionsView.swift */,
				1A0000000000000000000010 /* SessionDetailView.swift */,
				1A0000000000000000000011 /* SettingsView.swift */,
				1A0000000000000000000012 /* NavigationRootView.swift */,
				1A0000000000000000000014 /* NavigationPanelView.swift */,
				1A0000000000000000000013 /* Info.plist */,
			);
			path = NavSender;
			sourceTree = "<group>";
		};
		1C0000000000000000000003 /* Products */ = {
			isa = PBXGroup;
			children = (
				1A0000000000000000000008 /* NavSender.app */,
			);
			name = Products;
			sourceTree = "<group>";
		};
/* End PBXGroup section */

/* Begin PBXNativeTarget section */
		1E0000000000000000000001 /* NavSender */ = {
			isa = PBXNativeTarget;
			buildConfigurationList = 1F0000000000000000000002 /* Build configuration list for PBXNativeTarget "NavSender" */;
			buildPhases = (
				1D0000000000000000000001 /* Sources */,
				1D0000000000000000000002 /* Frameworks */,
				1D0000000000000000000003 /* Resources */,
			);
			buildRules = (
			);
			dependencies = (
			);
			name = NavSender;
			productName = NavSender;
			productReference = 1A0000000000000000000008 /* NavSender.app */;
			productType = "com.apple.product-type.application";
		};
/* End PBXNativeTarget section */

/* Begin PBXProject section */
		1E0000000000000000000002 /* Project object */ = {
			isa = PBXProject;
			attributes = {
				BuildIndependentTargetsInParallel = 1;
				LastSwiftUpdateCheck = 1520;
				LastUpgradeCheck = 1520;
				TargetAttributes = {
					1E0000000000000000000001 = {
						CreatedOnToolsVersion = 15.2;
					};
				};
			};
			buildConfigurationList = 1F0000000000000000000001 /* Build configuration list for PBXProject "NavSender" */;
			compatibilityVersion = "Xcode 14.0";
			developmentRegion = en;
			hasScannedForEncodings = 0;
			knownRegions = (
				en,
				Base,
			);
			mainGroup = 1C0000000000000000000001;
			productRefGroup = 1C0000000000000000000003 /* Products */;
			projectDirPath = "";
			projectRoot = "";
			targets = (
				1E0000000000000000000001 /* NavSender */,
			);
		};
/* End PBXProject section */

/* Begin PBXResourcesBuildPhase section */
		1D0000000000000000000003 /* Resources */ = {
			isa = PBXResourcesBuildPhase;
			buildActionMask = 2147483647;
			files = (
			);
			runOnlyForDeploymentPostprocessing = 0;
		};
/* End PBXResourcesBuildPhase section */

/* Begin PBXSourcesBuildPhase section */
		1D0000000000000000000001 /* Sources */ = {
			isa = PBXSourcesBuildPhase;
			buildActionMask = 2147483647;
			files = (
				1B0000000000000000000001 /* NavSenderApp.swift in Sources */,
				1B0000000000000000000002 /* ContentView.swift in Sources */,
				1B0000000000000000000003 /* BLEManager.swift in Sources */,
				1B0000000000000000000004 /* RouteManager.swift in Sources */,
				1B0000000000000000000005 /* LocationTracker.swift in Sources */,
				1B0000000000000000000006 /* NavigationSessionView.swift in Sources */,
				1B0000000000000000000007 /* ManualTestSection.swift in Sources */,
				1B0000000000000000000008 /* Models.swift in Sources */,
				1B0000000000000000000009 /* APClient.swift in Sources */,
				1B000000000000000000000A /* LiveStore.swift in Sources */,
				1B000000000000000000000B /* SessionParser.swift in Sources */,
				1B000000000000000000000C /* HomeView.swift in Sources */,
				1B000000000000000000000D /* LiveView.swift in Sources */,
				1B000000000000000000000E /* SessionsView.swift in Sources */,
				1B000000000000000000000F /* SessionDetailView.swift in Sources */,
				1B0000000000000000000010 /* SettingsView.swift in Sources */,
				1B0000000000000000000011 /* NavigationRootView.swift in Sources */,
				1B0000000000000000000012 /* NavigationPanelView.swift in Sources */,
			);
			runOnlyForDeploymentPostprocessing = 0;
		};
/* End PBXSourcesBuildPhase section */

/* Begin XCBuildConfiguration section */
		200000000000000000000001 /* Debug */ = {
			isa = XCBuildConfiguration;
			buildSettings = {
				ALWAYS_SEARCH_USER_PATHS = NO;
				CLANG_ANALYZER_NONNULL = YES;
				CLANG_ANALYZER_NUMBER_OBJECT_CONVERSION = YES_AGGRESSIVE;
				CLANG_CXX_LANGUAGE_STANDARD = "gnu++20";
				CLANG_ENABLE_MODULES = YES;
				CLANG_ENABLE_OBJC_ARC = YES;
				CLANG_ENABLE_OBJC_WEAK = YES;
				CLANG_WARN_BLOCK_CAPTURE_AUTORELEASING = YES;
				CLANG_WARN_BOOL_CONVERSION = YES;
				CLANG_WARN_COMMA = YES;
				CLANG_WARN_CONSTANT_CONVERSION = YES;
				CLANG_WARN_DEPRECATED_OBJC_IMPLEMENTATIONS = YES;
				CLANG_WARN_DIRECT_OBJC_ISA_USAGE = YES_ERROR;
				CLANG_WARN_DOCUMENTATION_COMMENTS = YES;
				CLANG_WARN_EMPTY_BODY = YES;
				CLANG_WARN_ENUM_CONVERSION = YES;
				CLANG_WARN_INFINITE_RECURSION = YES;
				CLANG_WARN_INT_CONVERSION = YES;
				CLANG_WARN_NON_LITERAL_NULL_CONVERSION = YES;
				CLANG_WARN_OBJC_IMPLICIT_RETAIN_SELF = YES;
				CLANG_WARN_OBJC_LITERAL_CONVERSION = YES;
				CLANG_WARN_OBJC_ROOT_CLASS = YES_ERROR;
				CLANG_WARN_QUOTED_INCLUDE_IN_FRAMEWORK_HEADER = YES;
				CLANG_WARN_RANGE_LOOP_ANALYSIS = YES;
				CLANG_WARN_STRICT_PROTOTYPES = YES;
				CLANG_WARN_SUSPICIOUS_MOVE = YES;
				CLANG_WARN_UNGUARDED_AVAILABILITY = YES_AGGRESSIVE;
				CLANG_WARN_UNREACHABLE_CODE = YES;
				CLANG_WARN__DUPLICATE_METHOD_MATCH = YES;
				COPY_PHASE_STRIP = NO;
				DEBUG_INFORMATION_FORMAT = dwarf;
				ENABLE_STRICT_OBJC_MSGSEND = YES;
				ENABLE_TESTABILITY = YES;
				ENABLE_USER_SCRIPT_SANDBOXING = YES;
				GCC_C_LANGUAGE_STANDARD = gnu17;
				GCC_DYNAMIC_NO_PIC = NO;
				GCC_NO_COMMON_BLOCKS = YES;
				GCC_OPTIMIZATION_LEVEL = 0;
				GCC_PREPROCESSOR_DEFINITIONS = (
					"DEBUG=1",
					"$(inherited)",
				);
				GCC_WARN_64_TO_32_BIT_CONVERSION = YES;
				GCC_WARN_ABOUT_RETURN_TYPE = YES_ERROR;
				GCC_WARN_UNDECLARED_SELECTOR = YES;
				GCC_WARN_UNINITIALIZED_AUTOS = YES_AGGRESSIVE;
				GCC_WARN_UNUSED_FUNCTION = YES;
				GCC_WARN_UNUSED_VARIABLE = YES;
				IPHONEOS_DEPLOYMENT_TARGET = 17.0;
				MTL_ENABLE_DEBUG_INFO = INCLUDE_SOURCE;
				MTL_FAST_MATH = YES;
				ONLY_ACTIVE_ARCH = YES;
				SDKROOT = iphoneos;
				SWIFT_ACTIVE_COMPILATION_CONDITIONS = "DEBUG $(inherited)";
				SWIFT_OPTIMIZATION_LEVEL = "-Onone";
			};
			name = Debug;
		};
		200000000000000000000002 /* Release */ = {
			isa = XCBuildConfiguration;
			buildSettings = {
				ALWAYS_SEARCH_USER_PATHS = NO;
				CLANG_ANALYZER_NONNULL = YES;
				CLANG_ANALYZER_NUMBER_OBJECT_CONVERSION = YES_AGGRESSIVE;
				CLANG_CXX_LANGUAGE_STANDARD = "gnu++20";
				CLANG_ENABLE_MODULES = YES;
				CLANG_ENABLE_OBJC_ARC = YES;
				CLANG_ENABLE_OBJC_WEAK = YES;
				CLANG_WARN_BLOCK_CAPTURE_AUTORELEASING = YES;
				CLANG_WARN_BOOL_CONVERSION = YES;
				CLANG_WARN_COMMA = YES;
				CLANG_WARN_CONSTANT_CONVERSION = YES;
				CLANG_WARN_DEPRECATED_OBJC_IMPLEMENTATIONS = YES;
				CLANG_WARN_DIRECT_OBJC_ISA_USAGE = YES_ERROR;
				CLANG_WARN_DOCUMENTATION_COMMENTS = YES;
				CLANG_WARN_EMPTY_BODY = YES;
				CLANG_WARN_ENUM_CONVERSION = YES;
				CLANG_WARN_INFINITE_RECURSION = YES;
				CLANG_WARN_INT_CONVERSION = YES;
				CLANG_WARN_NON_LITERAL_NULL_CONVERSION = YES;
				CLANG_WARN_OBJC_IMPLICIT_RETAIN_SELF = YES;
				CLANG_WARN_OBJC_LITERAL_CONVERSION = YES;
				CLANG_WARN_OBJC_ROOT_CLASS = YES_ERROR;
				CLANG_WARN_QUOTED_INCLUDE_IN_FRAMEWORK_HEADER = YES;
				CLANG_WARN_RANGE_LOOP_ANALYSIS = YES;
				CLANG_WARN_STRICT_PROTOTYPES = YES;
				CLANG_WARN_SUSPICIOUS_MOVE = YES;
				CLANG_WARN_UNGUARDED_AVAILABILITY = YES_AGGRESSIVE;
				CLANG_WARN_UNREACHABLE_CODE = YES;
				CLANG_WARN__DUPLICATE_METHOD_MATCH = YES;
				COPY_PHASE_STRIP = NO;
				DEBUG_INFORMATION_FORMAT = "dwarf-with-dsym";
				ENABLE_NS_ASSERTIONS = NO;
				ENABLE_STRICT_OBJC_MSGSEND = YES;
				ENABLE_USER_SCRIPT_SANDBOXING = YES;
				GCC_C_LANGUAGE_STANDARD = gnu17;
				GCC_NO_COMMON_BLOCKS = YES;
				GCC_WARN_64_TO_32_BIT_CONVERSION = YES;
				GCC_WARN_ABOUT_RETURN_TYPE = YES_ERROR;
				GCC_WARN_UNDECLARED_SELECTOR = YES;
				GCC_WARN_UNINITIALIZED_AUTOS = YES_AGGRESSIVE;
				GCC_WARN_UNUSED_FUNCTION = YES;
				GCC_WARN_UNUSED_VARIABLE = YES;
				IPHONEOS_DEPLOYMENT_TARGET = 17.0;
				MTL_ENABLE_DEBUG_INFO = NO;
				MTL_FAST_MATH = YES;
				SDKROOT = iphoneos;
				SWIFT_COMPILATION_MODE = wholemodule;
				SWIFT_OPTIMIZATION_LEVEL = "-O";
				VALIDATE_PRODUCT = YES;
			};
			name = Release;
		};
		200000000000000000000003 /* Debug */ = {
			isa = XCBuildConfiguration;
			buildSettings = {
				CODE_SIGN_IDENTITY = "Apple Development";
				CODE_SIGN_STYLE = Automatic;
				CURRENT_PROJECT_VERSION = 1;
				DEVELOPMENT_TEAM = KR682L2ASN;
INFOPLIST_FILE = "NavSender/Info.plist";
				IPHONEOS_DEPLOYMENT_TARGET = 17.0;
				LD_RUNPATH_SEARCH_PATHS = (
					"$(inherited)",
					"@executable_path/Frameworks",
				);
				MARKETING_VERSION = 1.0;
				PRODUCT_BUNDLE_IDENTIFIER = com.muchracing.NavSender;
				PRODUCT_NAME = "$(TARGET_NAME)";
				PROVISIONING_PROFILE_SPECIFIER = "";
				SWIFT_EMIT_LOC_STRINGS = YES;
				SWIFT_VERSION = 5.0;
				TARGETED_DEVICE_FAMILY = "1,2";
			};
			name = Debug;
		};
		200000000000000000000004 /* Release */ = {
			isa = XCBuildConfiguration;
			buildSettings = {
				CODE_SIGN_IDENTITY = "Apple Development";
				CODE_SIGN_STYLE = Automatic;
				CURRENT_PROJECT_VERSION = 1;
				DEVELOPMENT_TEAM = KR682L2ASN;
INFOPLIST_FILE = "NavSender/Info.plist";
				IPHONEOS_DEPLOYMENT_TARGET = 17.0;
				LD_RUNPATH_SEARCH_PATHS = (
					"$(inherited)",
					"@executable_path/Frameworks",
				);
				MARKETING_VERSION = 1.0;
				PRODUCT_BUNDLE_IDENTIFIER = com.muchracing.NavSender;
				PRODUCT_NAME = "$(TARGET_NAME)";
				PROVISIONING_PROFILE_SPECIFIER = "";
				SWIFT_EMIT_LOC_STRINGS = YES;
				SWIFT_VERSION = 5.0;
				TARGETED_DEVICE_FAMILY = "1,2";
			};
			name = Release;
		};
/* End XCBuildConfiguration section */

/* Begin XCConfigurationList section */
		1F0000000000000000000001 /* Build configuration list for PBXProject "NavSender" */ = {
			isa = XCConfigurationList;
			buildConfigurations = (
				200000000000000000000001 /* Debug */,
				200000000000000000000002 /* Release */,
			);
			defaultConfigurationIsVisible = 0;
			defaultConfigurationName = Release;
		};
		1F0000000000000000000002 /* Build configuration list for PBXNativeTarget "NavSender" */ = {
			isa = XCConfigurationList;
			buildConfigurations = (
				200000000000000000000003 /* Debug */,
				200000000000000000000004 /* Release */,
			);
			defaultConfigurationIsVisible = 0;
			defaultConfigurationName = Release;
		};
/* End XCConfigurationList section */
	};
	rootObject = 1E0000000000000000000002 /* Project object */;
}
